schema: '2.0'
stages:
  preprocess:
    cmd: python -m mlops_catsdogs.data.preprocess
    deps:
    - path: data/raw
      hash: md5
      md5: 0c3087faf781674b569a84f0a8865ad8.dir
      size: 848866410
      nfiles: 24999
    - path: src/mlops_catsdogs/data/preprocess.py
      hash: md5
      md5: f08eef29af1218193d03e73c80e65173
      size: 5022
    params:
      params.yaml:
        preprocess:
          image_size: 224
          split:
            train: 0.8
            val: 0.1
            test: 0.1
          seed: 42
    outs:
    - path: data/processed
      hash: md5
      md5: 2d70fa31ea2d46c9fc7ccb87c9448bce.dir
      size: 514458828
      nfiles: 24999
  train:
    cmd: python -m mlops_catsdogs.train --epochs 1 --batch-size 32 --learning-rate
      0.01
    deps:
    - path: data/processed
      hash: md5
      md5: 2d70fa31ea2d46c9fc7ccb87c9448bce.dir
      size: 514458828
      nfiles: 24999
    - path: src/mlops_catsdogs/model
      hash: md5
      md5: 604b7db53658f8d537cdf7972a497040.dir
      size: 4652
      nfiles: 3
    - path: src/mlops_catsdogs/train.py
      hash: md5
      md5: bf06f2389dda1243b555c1d95d1211a3
      size: 9062
    params:
      params.yaml:
        train:
          epochs: 1
          batch_size: 32
          learning_rate: 0.01
          weight_decay: 1e-06
          seed: 42
    outs:
    - path: metrics/accuracy_curve.png
      hash: md5
      md5: c872decd2fa67f3f6c6db66f9b013fc8
      size: 16865
    - path: metrics/confusion_matrix.png
      hash: md5
      md5: 5917989491f13b46d354172b8d21d05b
      size: 18411
    - path: metrics/loss_curve.png
      hash: md5
      md5: 9a66518ab23629fbf8410a5a563995f3
      size: 13469
    - path: metrics/test_metrics.json
      hash: md5
      md5: 974e631ad08a7eba2153f51a27ef9b36
      size: 183
