schema: '2.0'
stages:
  preprocess:
    cmd: python -m mlops_catsdogs.data.preprocess
    deps:
    - path: data/raw
      hash: md5
      md5: 0c3087faf781674b569a84f0a8865ad8.dir
      size: 848866410
      nfiles: 24999
    - path: src/mlops_catsdogs/data/preprocess.py
      hash: md5
      md5: f08eef29af1218193d03e73c80e65173
      size: 5022
    params:
      params.yaml:
        preprocess:
          image_size: 224
          split:
            train: 0.8
            val: 0.1
            test: 0.1
          seed: 42
    outs:
    - path: data/processed
      hash: md5
      md5: 2d70fa31ea2d46c9fc7ccb87c9448bce.dir
      size: 514458828
      nfiles: 24999
  train:
    cmd: python -m mlops_catsdogs.train --epochs 8 --batch-size 64 --learning-rate
      0.01
    deps:
    - path: data/processed
      hash: md5
      md5: 2d70fa31ea2d46c9fc7ccb87c9448bce.dir
      size: 514458828
      nfiles: 24999
    - path: src/mlops_catsdogs/model
      hash: md5
      md5: 604b7db53658f8d537cdf7972a497040.dir
      size: 4652
      nfiles: 3
    - path: src/mlops_catsdogs/train.py
      hash: md5
      md5: bf06f2389dda1243b555c1d95d1211a3
      size: 9062
    params:
      params.yaml:
        train:
          epochs: 8
          batch_size: 64
          learning_rate: 0.01
          weight_decay: 1e-06
          seed: 42
    outs:
    - path: metrics/accuracy_curve.png
      hash: md5
      md5: 3f7ce54abbd60e73a14e95ecfc6cce30
      size: 31220
    - path: metrics/confusion_matrix.png
      hash: md5
      md5: c2278cb0635f0ff18b8bbcfafbd15c13
      size: 17481
    - path: metrics/loss_curve.png
      hash: md5
      md5: daee16913f68bed4fcc3cc8e1c3a2816
      size: 31915
    - path: metrics/test_metrics.json
      hash: md5
      md5: d2fa520f0141c8895eeee415b478105f
      size: 184
